
Microsoft Visual Studio Solution File, Format Version 12.00
# Visual Studio Version 17
VisualStudioVersion = 17.9.34723.18
MinimumVisualStudioVersion = 10.0.40219.1
Project("{9A19103F-16F7-4668-BE54-9A1E7A4F7556}") = "ChatRoom", "ChatRoom\ChatRoom.csproj", "{D6292A48-36F8-4947-9222-59927B854B02}"
EndProject
Project("{FAE04EC0-301F-11D3-BF4B-00C04F79EFBC}") = "ChatRoom.Client", "ChatRoom.Client\ChatRoom.Client.csproj", "{B391F268-BCAC-426E-AD77-E9681C9F501B}"
EndProject
Global
	GlobalSection(SolutionConfigurationPlatforms) = preSolution
		Debug|Any CPU = Debug|Any CPU
		Release|Any CPU = Release|Any CPU
	EndGlobalSection
	GlobalSection(ProjectConfigurationPlatforms) = postSolution
		{D6292A48-36F8-4947-9222-59927B854B02}.Debug|Any CPU.ActiveCfg = Debug|Any CPU
		{D6292A48-36F8-4947-9222-59927B854B02}.Debug|Any CPU.Build.0 = Debug|Any CPU
		{D6292A48-36F8-4947-9222-59927B854B02}.Release|Any CPU.ActiveCfg = Release|Any CPU
		{D6292A48-36F8-4947-9222-59927B854B02}.Release|Any CPU.Build.0 = Release|Any CPU
		{B391F268-BCAC-426E-AD77-E9681C9F501B}.Debug|Any CPU.ActiveCfg = Debug|Any CPU
		{B391F268-BCAC-426E-AD77-E9681C9F501B}.Debug|Any CPU.Build.0 = Debug|Any CPU
		{B391F268-BCAC-426E-AD77-E9681C9F501B}.Release|Any CPU.ActiveCfg = Release|Any CPU
		{B391F268-BCAC-426E-AD77-E9681C9F501B}.Release|Any CPU.Build.0 = Release|Any CPU
	EndGlobalSection
	GlobalSection(SolutionProperties) = preSolution
		HideSolutionNode = FALSE
	EndGlobalSection
	GlobalSection(ExtensibilityGlobals) = postSolution
		SolutionGuid = {C09046A1-35E9-4B8A-9A9A-0F6BA0EA50CF}
	EndGlobalSection
EndGlobal
